
Microsoft Visual Studio Solution File, Format Version 12.00
# Visual Studio Version 16
VisualStudioVersion = 16.0.31205.134
MinimumVisualStudioVersion = 10.0.40219.1
Project("{FAE04EC0-301F-11D3-BF4B-00C04F79EFBC}") = "MijnProject", "MijnProject\MijnProject.csproj", "{2AC16E28-BD72-4363-B431-1B4DC4815D23}"
EndProject
Global
	GlobalSection(SolutionConfigurationPlatforms) = preSolution
		Debug|Any CPU = Debug|Any CPU
		Release|Any CPU = Release|Any CPU
	EndGlobalSection
	GlobalSection(ProjectConfigurationPlatforms) = postSolution
		{2AC16E28-BD72-4363-B431-1B4DC4815D23}.Debug|Any CPU.ActiveCfg = Debug|Any CPU
		{2AC16E28-BD72-4363-B431-1B4DC4815D23}.Debug|Any CPU.Build.0 = Debug|Any CPU
		{2AC16E28-BD72-4363-B431-1B4DC4815D23}.Release|Any CPU.ActiveCfg = Release|Any CPU
		{2AC16E28-BD72-4363-B431-1B4DC4815D23}.Release|Any CPU.Build.0 = Release|Any CPU
	EndGlobalSection
	GlobalSection(SolutionProperties) = preSolution
		HideSolutionNode = FALSE
	EndGlobalSection
	GlobalSection(ExtensibilityGlobals) = postSolution
		SolutionGuid = {565A41B3-9AC7-46D0-8A03-26269DA54CA1}
	EndGlobalSection
EndGlobal
